
Microsoft Visual Studio Solution File, Format Version 12.00
# Visual Studio Version 17
VisualStudioVersion = 17.3.32929.385
MinimumVisualStudioVersion = 10.0.40219.1
Project("{9A19103F-16F7-4668-BE54-9A1E7A4F7556}") = "Eshop Front End", "Eshop Front End\Eshop Front End.csproj", "{0028E865-63A9-4C59-8E63-0FEA946EC5EB}"
EndProject
Project("{9A19103F-16F7-4668-BE54-9A1E7A4F7556}") = "Cart System", "Cart System\Cart System.csproj", "{B3804E52-A11D-43FA-BA7A-D959619A8353}"
EndProject
Project("{9A19103F-16F7-4668-BE54-9A1E7A4F7556}") = "Account System", "Account Microservice\Account System.csproj", "{3D58478A-3911-4614-BC35-A0138B98CF32}"
EndProject
Project("{9A19103F-16F7-4668-BE54-9A1E7A4F7556}") = "Ordering System", "Ordering System\Ordering System.csproj", "{9C645A48-AFA0-478F-8AA4-D76512179000}"
EndProject
Project("{9A19103F-16F7-4668-BE54-9A1E7A4F7556}") = "Stock System", "Stock System\Stock System.csproj", "{C4F15562-B2B5-406B-AA0E-0AF48695F574}"
EndProject
Global
	GlobalSection(SolutionConfigurationPlatforms) = preSolution
		Debug|Any CPU = Debug|Any CPU
		Release|Any CPU = Release|Any CPU
	EndGlobalSection
	GlobalSection(ProjectConfigurationPlatforms) = postSolution
		{0028E865-63A9-4C59-8E63-0FEA946EC5EB}.Debug|Any CPU.ActiveCfg = Debug|Any CPU
		{0028E865-63A9-4C59-8E63-0FEA946EC5EB}.Debug|Any CPU.Build.0 = Debug|Any CPU
		{0028E865-63A9-4C59-8E63-0FEA946EC5EB}.Release|Any CPU.ActiveCfg = Release|Any CPU
		{0028E865-63A9-4C59-8E63-0FEA946EC5EB}.Release|Any CPU.Build.0 = Release|Any CPU
		{B3804E52-A11D-43FA-BA7A-D959619A8353}.Debug|Any CPU.ActiveCfg = Debug|Any CPU
		{B3804E52-A11D-43FA-BA7A-D959619A8353}.Debug|Any CPU.Build.0 = Debug|Any CPU
		{B3804E52-A11D-43FA-BA7A-D959619A8353}.Release|Any CPU.ActiveCfg = Release|Any CPU
		{B3804E52-A11D-43FA-BA7A-D959619A8353}.Release|Any CPU.Build.0 = Release|Any CPU
		{3D58478A-3911-4614-BC35-A0138B98CF32}.Debug|Any CPU.ActiveCfg = Debug|Any CPU
		{3D58478A-3911-4614-BC35-A0138B98CF32}.Debug|Any CPU.Build.0 = Debug|Any CPU
		{3D58478A-3911-4614-BC35-A0138B98CF32}.Release|Any CPU.ActiveCfg = Release|Any CPU
		{3D58478A-3911-4614-BC35-A0138B98CF32}.Release|Any CPU.Build.0 = Release|Any CPU
		{9C645A48-AFA0-478F-8AA4-D76512179000}.Debug|Any CPU.ActiveCfg = Debug|Any CPU
		{9C645A48-AFA0-478F-8AA4-D76512179000}.Debug|Any CPU.Build.0 = Debug|Any CPU
		{9C645A48-AFA0-478F-8AA4-D76512179000}.Release|Any CPU.ActiveCfg = Release|Any CPU
		{9C645A48-AFA0-478F-8AA4-D76512179000}.Release|Any CPU.Build.0 = Release|Any CPU
		{C4F15562-B2B5-406B-AA0E-0AF48695F574}.Debug|Any CPU.ActiveCfg = Debug|Any CPU
		{C4F15562-B2B5-406B-AA0E-0AF48695F574}.Debug|Any CPU.Build.0 = Debug|Any CPU
		{C4F15562-B2B5-406B-AA0E-0AF48695F574}.Release|Any CPU.ActiveCfg = Release|Any CPU
		{C4F15562-B2B5-406B-AA0E-0AF48695F574}.Release|Any CPU.Build.0 = Release|Any CPU
	EndGlobalSection
	GlobalSection(SolutionProperties) = preSolution
		HideSolutionNode = FALSE
	EndGlobalSection
	GlobalSection(ExtensibilityGlobals) = postSolution
		SolutionGuid = {04EDD356-AD23-4E32-83F3-20E4D5021707}
	EndGlobalSection
EndGlobal
