
Microsoft Visual Studio Solution File, Format Version 12.00
# Visual Studio Version 17
VisualStudioVersion = 17.3.32929.385
MinimumVisualStudioVersion = 10.0.40219.1
Project("{9A19103F-16F7-4668-BE54-9A1E7A4F7556}") = "Catalog Microservice", "MVC Solutions In Retail\Catalog Microservice.csproj", "{45559421-ED7D-4378-9196-1B1845C50280}"
EndProject
Project("{9A19103F-16F7-4668-BE54-9A1E7A4F7556}") = "Ordering Microservice", "Ordering System\Ordering Microservice.csproj", "{6F2BB3A0-DA23-4A59-B67B-AB8CC4BAEA39}"
EndProject
Project("{9A19103F-16F7-4668-BE54-9A1E7A4F7556}") = "Account Microservice", "Account Microservice\Account Microservice.csproj", "{24BA85EF-1820-4107-B3E9-9870E5B363EF}"
EndProject
Project("{9A19103F-16F7-4668-BE54-9A1E7A4F7556}") = "Eshop Front End", "Eshop Front End\Eshop Front End.csproj", "{0028E865-63A9-4C59-8E63-0FEA946EC5EB}"
EndProject
Global
	GlobalSection(SolutionConfigurationPlatforms) = preSolution
		Debug|Any CPU = Debug|Any CPU
		Release|Any CPU = Release|Any CPU
	EndGlobalSection
	GlobalSection(ProjectConfigurationPlatforms) = postSolution
		{45559421-ED7D-4378-9196-1B1845C50280}.Debug|Any CPU.ActiveCfg = Debug|Any CPU
		{45559421-ED7D-4378-9196-1B1845C50280}.Debug|Any CPU.Build.0 = Debug|Any CPU
		{45559421-ED7D-4378-9196-1B1845C50280}.Release|Any CPU.ActiveCfg = Release|Any CPU
		{45559421-ED7D-4378-9196-1B1845C50280}.Release|Any CPU.Build.0 = Release|Any CPU
		{6F2BB3A0-DA23-4A59-B67B-AB8CC4BAEA39}.Debug|Any CPU.ActiveCfg = Debug|Any CPU
		{6F2BB3A0-DA23-4A59-B67B-AB8CC4BAEA39}.Debug|Any CPU.Build.0 = Debug|Any CPU
		{6F2BB3A0-DA23-4A59-B67B-AB8CC4BAEA39}.Release|Any CPU.ActiveCfg = Release|Any CPU
		{6F2BB3A0-DA23-4A59-B67B-AB8CC4BAEA39}.Release|Any CPU.Build.0 = Release|Any CPU
		{24BA85EF-1820-4107-B3E9-9870E5B363EF}.Debug|Any CPU.ActiveCfg = Debug|Any CPU
		{24BA85EF-1820-4107-B3E9-9870E5B363EF}.Debug|Any CPU.Build.0 = Debug|Any CPU
		{24BA85EF-1820-4107-B3E9-9870E5B363EF}.Release|Any CPU.ActiveCfg = Release|Any CPU
		{24BA85EF-1820-4107-B3E9-9870E5B363EF}.Release|Any CPU.Build.0 = Release|Any CPU
		{0028E865-63A9-4C59-8E63-0FEA946EC5EB}.Debug|Any CPU.ActiveCfg = Debug|Any CPU
		{0028E865-63A9-4C59-8E63-0FEA946EC5EB}.Debug|Any CPU.Build.0 = Debug|Any CPU
		{0028E865-63A9-4C59-8E63-0FEA946EC5EB}.Release|Any CPU.ActiveCfg = Release|Any CPU
		{0028E865-63A9-4C59-8E63-0FEA946EC5EB}.Release|Any CPU.Build.0 = Release|Any CPU
	EndGlobalSection
	GlobalSection(SolutionProperties) = preSolution
		HideSolutionNode = FALSE
	EndGlobalSection
	GlobalSection(ExtensibilityGlobals) = postSolution
		SolutionGuid = {04EDD356-AD23-4E32-83F3-20E4D5021707}
	EndGlobalSection
EndGlobal
